<?xml version="1.0"?>
<CONFIG>
  <ProjectOptions>
    <PathDelim Value="\"/>
    <Version Value="6"/>
    <General>
      <Flags>
        <AlwaysBuild Value="False"/>
      </Flags>
      <MainUnit Value="0"/>
      <AutoCreateForms Value="False"/>
      <IconPath Value="./"/>
      <TargetFileExt Value=".exe"/>
      <Title Value="VideLibri"/>
      <ActiveEditorIndexAtStart Value="0"/>
    </General>
    <PublishOptions>
      <Version Value="2"/>
      <IgnoreBinaries Value="False"/>
      <IncludeFileFilter Value="*.(pas|pp|inc|lfm|lpr|lrs|lpi|lpk|sh|xml)"/>
      <ExcludeFileFilter Value="*.(bak|ppu|ppw|o|so);*~;backup"/>
    </PublishOptions>
    <RunParams>
      <local>
        <FormatVersion Value="1"/>
        <LaunchingApplication PathPlusParams="/usr/X11R6/bin/xterm -T 'Lazarus Run Output' -e $(LazarusDir)/tools/runwait.sh $(TargetCmdLine)"/>
      </local>
    </RunParams>
    <RequiredPackages Count="1">
      <Item1>
        <PackageName Value="LCL"/>
      </Item1>
    </RequiredPackages>
    <Units Count="87">
      <Unit0>
        <Filename Value="bookWatch.lpr"/>
        <IsPartOfProject Value="True"/>
        <UnitName Value="bookWatch"/>
        <CursorPos X="61" Y="197"/>
        <TopLine Value="179"/>
        <EditorIndex Value="6"/>
        <UsageCount Value="509"/>
        <Loaded Value="True"/>
      </Unit0>
      <Unit1>
        <Filename Value="bookwatchmain.pas"/>
        <ComponentName Value="mainForm"/>
        <IsPartOfProject Value="True"/>
        <ResourceFilename Value="bookwatchmain.lrs"/>
        <UnitName Value="bookWatchMain"/>
        <CursorPos X="76" Y="773"/>
        <TopLine Value="761"/>
        <EditorIndex Value="18"/>
        <UsageCount Value="509"/>
        <Loaded Value="True"/>
      </Unit1>
      <Unit2>
        <Filename Value="libraryparser.pas"/>
        <IsPartOfProject Value="True"/>
        <UnitName Value="libraryParser"/>
        <CursorPos X="1" Y="5"/>
        <TopLine Value="1"/>
        <EditorIndex Value="12"/>
        <UsageCount Value="509"/>
        <Bookmarks Count="3">
          <Item0 X="19" Y="841" ID="2"/>
          <Item1 X="16" Y="5" ID="3"/>
          <Item2 X="14" Y="1592" ID="9"/>
        </Bookmarks>
        <Loaded Value="True"/>
      </Unit2>
      <Unit3>
        <Filename Value="..\..\..\..\components\pascal\internet\w32internetaccess.pas"/>
        <IsPartOfProject Value="True"/>
        <UnitName Value="w32InternetAccess"/>
        <CursorPos X="33" Y="373"/>
        <TopLine Value="371"/>
        <EditorIndex Value="3"/>
        <UsageCount Value="509"/>
        <Loaded Value="True"/>
      </Unit3>
      <Unit4>
        <Filename Value="wininet.pas"/>
        <IsPartOfProject Value="True"/>
        <UnitName Value="wininet"/>
        <UsageCount Value="509"/>
      </Unit4>
      <Unit5>
        <Filename Value="options.pas"/>
        <ComponentName Value="optionForm"/>
        <IsPartOfProject Value="True"/>
        <ResourceFilename Value="options.lrs"/>
        <UnitName Value="options"/>
        <CursorPos X="1" Y="122"/>
        <TopLine Value="107"/>
        <EditorIndex Value="5"/>
        <UsageCount Value="509"/>
        <Loaded Value="True"/>
      </Unit5>
      <Unit6>
        <Filename Value="newaccountwizard_u.pas"/>
        <ComponentName Value="newAccountWizard"/>
        <IsPartOfProject Value="True"/>
        <ResourceFilename Value="newaccountwizard_u.lrs"/>
        <UnitName Value="newAccountWizard_u"/>
        <CursorPos X="46" Y="166"/>
        <TopLine Value="150"/>
        <EditorIndex Value="24"/>
        <UsageCount Value="509"/>
        <Loaded Value="True"/>
      </Unit6>
      <Unit7>
        <Filename Value="errordialog.pas"/>
        <ComponentName Value="showErrorForm"/>
        <IsPartOfProject Value="True"/>
        <ResourceFilename Value="errordialog.lrs"/>
        <UnitName Value="errorDialog"/>
        <CursorPos X="52" Y="8"/>
        <TopLine Value="1"/>
        <UsageCount Value="509"/>
      </Unit7>
      <Unit8>
        <Filename Value="applicationconfig.pas"/>
        <IsPartOfProject Value="True"/>
        <UnitName Value="applicationconfig"/>
        <CursorPos X="111" Y="41"/>
        <TopLine Value="33"/>
        <EditorIndex Value="0"/>
        <UsageCount Value="509"/>
        <Bookmarks Count="1">
          <Item0 X="13" Y="255" ID="8"/>
        </Bookmarks>
        <Loaded Value="True"/>
      </Unit8>
      <Unit9>
        <Filename Value="statistik_u.pas"/>
        <ComponentName Value="statistikForm"/>
        <IsPartOfProject Value="True"/>
        <ResourceFilename Value="statistik_u.lrs"/>
        <UnitName Value="statistik_u"/>
        <CursorPos X="29" Y="229"/>
        <TopLine Value="215"/>
        <EditorIndex Value="19"/>
        <UsageCount Value="509"/>
        <Loaded Value="True"/>
      </Unit9>
      <Unit10>
        <Filename Value="..\..\..\..\components\pascal\data\diagram.pas"/>
        <IsPartOfProject Value="True"/>
        <UnitName Value="diagram"/>
        <CursorPos X="50" Y="100"/>
        <TopLine Value="90"/>
        <EditorIndex Value="9"/>
        <UsageCount Value="509"/>
        <Bookmarks Count="1">
          <Item0 X="8" Y="92" ID="7"/>
        </Bookmarks>
        <Loaded Value="True"/>
      </Unit10>
      <Unit11>
        <Filename Value="tnaaccess.pas"/>
        <IsPartOfProject Value="True"/>
        <UnitName Value="tnaAccess"/>
        <CursorPos X="17" Y="75"/>
        <TopLine Value="52"/>
        <UsageCount Value="509"/>
      </Unit11>
      <Unit12>
        <Filename Value="libraryaccess.pas"/>
        <IsPartOfProject Value="True"/>
        <UnitName Value="libraryAccess"/>
        <CursorPos X="41" Y="244"/>
        <TopLine Value="228"/>
        <UsageCount Value="509"/>
      </Unit12>
      <Unit13>
        <Filename Value="..\..\..\..\components\lazarus\internet\sendBackError\sendBackError.pas"/>
        <ComponentName Value="sendBackErrorForm"/>
        <IsPartOfProject Value="True"/>
        <ResourceFilename Value="..\..\..\..\components\lazarus\internet\sendBackError\sendBackError.lrs"/>
        <UnitName Value="sendBackError"/>
        <UsageCount Value="509"/>
      </Unit13>
      <Unit14>
        <Filename Value="..\..\..\..\components\pascal\internet\internetaccess.pas"/>
        <IsPartOfProject Value="True"/>
        <UnitName Value="internetAccess"/>
        <CursorPos X="17" Y="57"/>
        <TopLine Value="36"/>
        <EditorIndex Value="1"/>
        <UsageCount Value="509"/>
        <Loaded Value="True"/>
      </Unit14>
      <Unit15>
        <Filename Value="..\..\..\..\components\pascal\internet\autoupdate.pas"/>
        <IsPartOfProject Value="True"/>
        <UnitName Value="autoupdate"/>
        <CursorPos X="58" Y="48"/>
        <TopLine Value="45"/>
        <EditorIndex Value="2"/>
        <UsageCount Value="509"/>
        <Loaded Value="True"/>
      </Unit15>
      <Unit16>
        <Filename Value="..\..\..\..\components\lazarus\dialogs\progressdialog.pas"/>
        <ComponentName Value="ProgressBarDialog"/>
        <IsPartOfProject Value="True"/>
        <ResourceFilename Value="..\..\..\..\components\lazarus\dialogs\progressdialog.lrs"/>
        <UnitName Value="progressDialog"/>
        <UsageCount Value="509"/>
      </Unit16>
      <Unit17>
        <Filename Value="D:\programming\lazarus\lcl\forms.pp"/>
        <UnitName Value="Forms"/>
        <CursorPos X="15" Y="1011"/>
        <TopLine Value="993"/>
        <UsageCount Value="250"/>
      </Unit17>
      <Unit18>
        <Filename Value="D:\programming\lazarus\lcl\include\application.inc"/>
        <CursorPos X="3" Y="1616"/>
        <TopLine Value="1602"/>
        <UsageCount Value="246"/>
      </Unit18>
      <Unit19>
        <Filename Value="D:\programming\lazarus\lcl\include\customform.inc"/>
        <CursorPos X="2" Y="1887"/>
        <TopLine Value="1863"/>
        <UsageCount Value="728"/>
      </Unit19>
      <Unit20>
        <Filename Value="D:\programming\lazarus\fpc\2.0.4\source\rtl\win32\wininc\base.inc"/>
        <CursorPos X="1" Y="1"/>
        <TopLine Value="1"/>
        <UsageCount Value="692"/>
      </Unit20>
      <Unit21>
        <Filename Value="E:\components\pascal\internet\autoupdate.pas"/>
        <UnitName Value="autoupdate"/>
        <CursorPos X="54" Y="1"/>
        <TopLine Value="1"/>
        <UsageCount Value="691"/>
      </Unit21>
      <Unit22>
        <Filename Value="..\..\..\..\components\pascal\data\obfuscate.inc"/>
        <IsPartOfProject Value="True"/>
        <CursorPos X="1" Y="2"/>
        <TopLine Value="1"/>
        <UsageCount Value="1479"/>
      </Unit22>
      <Unit23>
        <Filename Value="registrierung.pas"/>
        <ComponentName Value="RegForm"/>
        <IsPartOfProject Value="True"/>
        <ResourceFilename Value="registrierung.lrs"/>
        <UnitName Value="registrierung"/>
        <CursorPos X="1" Y="129"/>
        <TopLine Value="127"/>
        <UsageCount Value="1478"/>
      </Unit23>
      <Unit24>
        <Filename Value="_shareware.inc"/>
        <CursorPos X="5" Y="72"/>
        <TopLine Value="57"/>
        <UsageCount Value="687"/>
        <Bookmarks Count="1">
          <Item0 X="40" Y="240" ID="0"/>
        </Bookmarks>
      </Unit24>
      <Unit25>
        <Filename Value="D:\programming\lazarus\lcl\dialogs.pp"/>
        <UnitName Value="Dialogs"/>
        <CursorPos X="10" Y="468"/>
        <TopLine Value="452"/>
        <UsageCount Value="684"/>
      </Unit25>
      <Unit26>
        <Filename Value="E:\components\pascal\data\obfuscate.inc"/>
        <CursorPos X="1" Y="9"/>
        <TopLine Value="1"/>
        <UsageCount Value="682"/>
      </Unit26>
      <Unit27>
        <Filename Value="D:\programming\lazarus\fpc\2.0.4\source\rtl\win32\wininc\ascdef.inc"/>
        <CursorPos X="17" Y="78"/>
        <TopLine Value="60"/>
        <UsageCount Value="730"/>
      </Unit27>
      <Unit28>
        <Filename Value="D:\programming\lazarus\fpc\2.0.4\source\rtl\objpas\sysutils\osutilsh.inc"/>
        <CursorPos X="10" Y="28"/>
        <TopLine Value="15"/>
        <UsageCount Value="689"/>
      </Unit28>
      <Unit29>
        <Filename Value="D:\programming\lazarus\fpc\2.0.4\source\rtl\win32\sysutils.pp"/>
        <UnitName Value="sysutils"/>
        <CursorPos X="3" Y="157"/>
        <TopLine Value="142"/>
        <UsageCount Value="691"/>
      </Unit29>
      <Unit30>
        <Filename Value="nagform.pas"/>
        <ComponentName Value="nagWindow"/>
        <IsPartOfProject Value="True"/>
        <ResourceFilename Value="nagform.lrs"/>
        <UnitName Value="nagform"/>
        <CursorPos X="15" Y="31"/>
        <TopLine Value="29"/>
        <UsageCount Value="1473"/>
      </Unit30>
      <Unit31>
        <Filename Value="P:\programming\lazarus\lcl\interfaces\win32\win32wscustomlistview.inc"/>
        <CursorPos X="3" Y="140"/>
        <TopLine Value="131"/>
        <UsageCount Value="208"/>
      </Unit31>
      <Unit32>
        <Filename Value="P:\programming\lazarus\lcl\interfaces\win32\win32wscomctrls.pp"/>
        <UnitName Value="Win32WSComCtrls"/>
        <CursorPos X="1" Y="92"/>
        <TopLine Value="77"/>
        <UsageCount Value="208"/>
      </Unit32>
      <Unit33>
        <Filename Value="E:\components\pascal\internet\internetaccess.pas"/>
        <UnitName Value="internetAccess"/>
        <CursorPos X="5" Y="82"/>
        <TopLine Value="62"/>
        <EditorIndex Value="21"/>
        <UsageCount Value="252"/>
        <Loaded Value="True"/>
      </Unit33>
      <Unit34>
        <Filename Value="E:\components\pascal\internet\w32internetaccess.pas"/>
        <UnitName Value="w32InternetAccess"/>
        <CursorPos X="1" Y="381"/>
        <TopLine Value="371"/>
        <EditorIndex Value="4"/>
        <UsageCount Value="259"/>
        <Loaded Value="True"/>
      </Unit34>
      <Unit35>
        <Filename Value="E:\components\pascal\html\simplehtmlparser.pas"/>
        <IsPartOfProject Value="True"/>
        <UnitName Value="simplehtmlparser"/>
        <CursorPos X="1" Y="30"/>
        <TopLine Value="23"/>
        <UsageCount Value="524"/>
      </Unit35>
      <Unit36>
        <Filename Value="E:\components\pascal\html\extendedhtmlparser.pas"/>
        <IsPartOfProject Value="True"/>
        <UnitName Value="extendedhtmlparser"/>
        <CursorPos X="1" Y="997"/>
        <TopLine Value="985"/>
        <UsageCount Value="523"/>
        <Bookmarks Count="5">
          <Item0 X="1" Y="1135" ID="0"/>
          <Item1 X="9" Y="395" ID="1"/>
          <Item2 X="21" Y="298" ID="4"/>
          <Item3 X="145" Y="1114" ID="6"/>
          <Item4 X="21" Y="299" ID="7"/>
        </Bookmarks>
      </Unit36>
      <Unit37>
        <Filename Value="D:\programming\lazarus\fpc\2.0.4\source\rtl\objpas\classes\classesh.inc"/>
        <CursorPos X="3" Y="63"/>
        <TopLine Value="45"/>
        <UsageCount Value="245"/>
      </Unit37>
      <Unit38>
        <Filename Value="D:\programming\lazarus\fpc\2.0.4\source\rtl\objpas\classes\stringl.inc"/>
        <CursorPos X="3" Y="667"/>
        <TopLine Value="662"/>
        <UsageCount Value="7"/>
      </Unit38>
      <Unit39>
        <Filename Value="D:\programming\lazarus\fpc\2.0.4\source\rtl\objpas\sysutils\sysstrh.inc"/>
        <CursorPos X="17" Y="160"/>
        <TopLine Value="142"/>
        <UsageCount Value="271"/>
      </Unit39>
      <Unit40>
        <Filename Value="D:\programming\lazarus\fpc\2.0.4\source\rtl\objpas\sysutils\sysstr.inc"/>
        <CursorPos X="12" Y="855"/>
        <TopLine Value="837"/>
        <UsageCount Value="252"/>
      </Unit40>
      <Unit41>
        <Filename Value="D:\programming\lazarus\fpc\2.0.4\source\rtl\objpas\sysutils\syspchh.inc"/>
        <CursorPos X="16" Y="31"/>
        <TopLine Value="15"/>
        <UsageCount Value="247"/>
      </Unit41>
      <Unit42>
        <Filename Value="D:\programming\lazarus\fpc\2.0.4\source\rtl\i386\strings.inc"/>
        <CursorPos X="10" Y="526"/>
        <TopLine Value="520"/>
        <UsageCount Value="247"/>
      </Unit42>
      <Unit43>
        <Filename Value="..\..\..\..\components\pascal\import\regexpr\Source\RegExpr.pas"/>
        <UnitName Value="RegExpr"/>
        <CursorPos X="39" Y="375"/>
        <TopLine Value="360"/>
        <UsageCount Value="244"/>
      </Unit43>
      <Unit44>
        <Filename Value="D:\programming\lazarus\lcl\interfaces\win32\win32wscontrols.pp"/>
        <UnitName Value="Win32WSControls"/>
        <CursorPos X="1" Y="234"/>
        <TopLine Value="226"/>
        <EditorIndex Value="7"/>
        <UsageCount Value="279"/>
        <Loaded Value="True"/>
      </Unit44>
      <Unit45>
        <Filename Value="..\..\..\..\components\pascal\system\bbdebugtools.pas"/>
        <IsPartOfProject Value="True"/>
        <UnitName Value="bbdebugtools"/>
        <CursorPos X="16" Y="39"/>
        <TopLine Value="17"/>
        <UsageCount Value="541"/>
      </Unit45>
      <Unit46>
        <Filename Value="E:\components\pascal\data\bbutils.pas"/>
        <IsPartOfProject Value="True"/>
        <UnitName Value="bbutils"/>
        <CursorPos X="10" Y="23"/>
        <TopLine Value="8"/>
        <EditorIndex Value="15"/>
        <UsageCount Value="481"/>
        <Bookmarks Count="1">
          <Item0 X="3" Y="481" ID="5"/>
        </Bookmarks>
        <Loaded Value="True"/>
      </Unit46>
      <Unit47>
        <Filename Value="D:\programming\lazarus\fpc\2.0.4\source\fcl\inc\contnrs.pp"/>
        <UnitName Value="contnrs"/>
        <CursorPos X="1" Y="274"/>
        <TopLine Value="194"/>
        <UsageCount Value="238"/>
      </Unit47>
      <Unit48>
        <Filename Value="D:\programming\lazarus\lcl\include\fileutil.inc"/>
        <CursorPos X="45" Y="1054"/>
        <TopLine Value="1049"/>
        <UsageCount Value="209"/>
      </Unit48>
      <Unit49>
        <Filename Value="D:\programming\lazarus\lcl\fileutil.pas"/>
        <UnitName Value="FileUtil"/>
        <CursorPos X="10" Y="15"/>
        <TopLine Value="1"/>
        <UsageCount Value="209"/>
      </Unit49>
      <Unit50>
        <Filename Value="D:\programming\lazarus\fpc\2.0.4\source\rtl\objpas\classes\collect.inc"/>
        <CursorPos X="3" Y="87"/>
        <TopLine Value="82"/>
        <UsageCount Value="208"/>
      </Unit50>
      <Unit51>
        <Filename Value="D:\programming\lazarus\fpc\2.0.4\source\rtl\win32\wininc\struct.inc"/>
        <CursorPos X="24" Y="1419"/>
        <TopLine Value="1401"/>
        <UsageCount Value="208"/>
      </Unit51>
      <Unit52>
        <Filename Value="D:\programming\lazarus\fpc\2.0.4\source\rtl\win32\wininc\messages.inc"/>
        <CursorPos X="6" Y="372"/>
        <TopLine Value="363"/>
        <UsageCount Value="208"/>
      </Unit52>
      <Unit53>
        <Filename Value="E:\components\pascal\data\diagram.pas"/>
        <UnitName Value="diagram"/>
        <CursorPos X="1" Y="160"/>
        <TopLine Value="142"/>
        <UsageCount Value="207"/>
      </Unit53>
      <Unit54>
        <Filename Value="D:\programming\lazarus\fpc\2.0.4\source\rtl\objpas\sysutils\datih.inc"/>
        <CursorPos X="1" Y="98"/>
        <TopLine Value="86"/>
        <UsageCount Value="206"/>
      </Unit54>
      <Unit55>
        <Filename Value="D:\programming\lazarus\fpc\2.0.4\source\rtl\objpas\sysutils\dati.inc"/>
        <CursorPos X="3" Y="270"/>
        <TopLine Value="265"/>
        <UsageCount Value="206"/>
      </Unit55>
      <Unit56>
        <Filename Value="D:\programming\lazarus\lcl\comctrls.pp"/>
        <UnitName Value="ComCtrls"/>
        <CursorPos X="20" Y="1887"/>
        <TopLine Value="1869"/>
        <UsageCount Value="33"/>
      </Unit56>
      <Unit57>
        <Filename Value="D:\programming\lazarus\fpc\2.0.4\source\rtl\objpas\sysutils\filutilh.inc"/>
        <CursorPos X="3" Y="57"/>
        <TopLine Value="40"/>
        <UsageCount Value="10"/>
      </Unit57>
      <Unit58>
        <Filename Value="D:\programming\lazarus\fpc\2.0.4\source\rtl\inc\wstringh.inc"/>
        <CursorPos X="10" Y="29"/>
        <TopLine Value="10"/>
        <UsageCount Value="9"/>
      </Unit58>
      <Unit59>
        <Filename Value="bibtexexport.pas"/>
        <ComponentName Value="BibTexExportFrm"/>
        <HasResources Value="True"/>
        <IsPartOfProject Value="True"/>
        <ResourceFilename Value="bibtexexport.lrs"/>
        <UnitName Value="bibtexexport"/>
        <CursorPos X="18" Y="124"/>
        <TopLine Value="108"/>
        <UsageCount Value="98"/>
      </Unit59>
      <Unit60>
        <Filename Value="E:\temp\delete\testcompileroptions.pas"/>
        <UnitName Value="testcompileroptions"/>
        <CursorPos X="20" Y="1"/>
        <TopLine Value="1"/>
        <UsageCount Value="9"/>
      </Unit60>
      <Unit61>
        <Filename Value="E:\components\pascal\system\rcmdline.pas"/>
        <UnitName Value="rcmdline"/>
        <CursorPos X="34" Y="62"/>
        <TopLine Value="36"/>
        <UsageCount Value="26"/>
      </Unit61>
      <Unit62>
        <Filename Value="D:\programming\lazarus\fpc\2.0.4\source\fcl\inc\inifiles.pp"/>
        <UnitName Value="IniFiles"/>
        <CursorPos X="3" Y="556"/>
        <TopLine Value="551"/>
        <UsageCount Value="9"/>
      </Unit62>
      <Unit63>
        <Filename Value="D:\programming\lazarus\fpc\2.2.0\source\packages\fcl-base\src\inc\inifiles.pp"/>
        <UnitName Value="IniFiles"/>
        <CursorPos X="1" Y="755"/>
        <TopLine Value="742"/>
        <EditorIndex Value="26"/>
        <UsageCount Value="31"/>
        <Loaded Value="True"/>
      </Unit63>
      <Unit64>
        <Filename Value="D:\programming\lazarus\fpc\2.2.0\source\rtl\objpas\classes\classesh.inc"/>
        <CursorPos X="14" Y="210"/>
        <TopLine Value="197"/>
        <EditorIndex Value="27"/>
        <UsageCount Value="31"/>
        <Loaded Value="True"/>
      </Unit64>
      <Unit65>
        <Filename Value="D:\programming\lazarus\fpc\2.2.0\source\rtl\objpas\classes\lists.inc"/>
        <CursorPos X="3" Y="392"/>
        <TopLine Value="390"/>
        <EditorIndex Value="28"/>
        <UsageCount Value="31"/>
        <Loaded Value="True"/>
      </Unit65>
      <Unit66>
        <Filename Value="P:\programming\lazarus\fpc\2.2.0\source\rtl\objpas\classes\lists.inc"/>
        <CursorPos X="1" Y="334"/>
        <TopLine Value="321"/>
        <UsageCount Value="17"/>
      </Unit66>
      <Unit67>
        <Filename Value="..\..\..\..\components\pascal\html\simplexmlparser.pas"/>
        <IsPartOfProject Value="True"/>
        <UnitName Value="simplexmlparser"/>
        <CursorPos X="1" Y="1"/>
        <TopLine Value="13"/>
        <UsageCount Value="57"/>
      </Unit67>
      <Unit68>
        <Filename Value="..\..\..\..\components\pascal\html\simplehtmlparser.pas"/>
        <UnitName Value="simplehtmlparser"/>
        <CursorPos X="46" Y="7"/>
        <TopLine Value="1"/>
        <UsageCount Value="10"/>
      </Unit68>
      <Unit69>
        <Filename Value="E:\components\pascal\html\simplexmlparser.pas"/>
        <UnitName Value="simplexmlparser"/>
        <CursorPos X="10" Y="79"/>
        <TopLine Value="67"/>
        <UsageCount Value="13"/>
      </Unit69>
      <Unit70>
        <Filename Value="D:\programming\lazarus\fpc\2.2.0\source\rtl\win\wininc\defines.inc"/>
        <CursorPos X="21" Y="1411"/>
        <TopLine Value="1396"/>
        <UsageCount Value="12"/>
      </Unit70>
      <Unit71>
        <Filename Value="D:\programming\lazarus\fpc\2.2.0\source\rtl\objpas\sysutils\sysstrh.inc"/>
        <CursorPos X="10" Y="73"/>
        <TopLine Value="58"/>
        <EditorIndex Value="13"/>
        <UsageCount Value="23"/>
        <Loaded Value="True"/>
      </Unit71>
      <Unit72>
        <Filename Value="D:\programming\lazarus\fpc\2.2.0\source\rtl\objpas\sysutils\sysstr.inc"/>
        <CursorPos X="10" Y="103"/>
        <TopLine Value="81"/>
        <EditorIndex Value="14"/>
        <UsageCount Value="23"/>
        <Loaded Value="True"/>
      </Unit72>
      <Unit73>
        <Filename Value="E:\components\pascal\system\bbdebugtools.pas"/>
        <UnitName Value="bbdebugtools"/>
        <CursorPos X="1" Y="1"/>
        <TopLine Value="1"/>
        <UsageCount Value="9"/>
      </Unit73>
      <Unit74>
        <Filename Value="P:\programming\lazarus\fpc\2.2.0\source\rtl\inc\astrings.inc"/>
        <CursorPos X="1" Y="519"/>
        <TopLine Value="504"/>
        <EditorIndex Value="22"/>
        <UsageCount Value="21"/>
        <Loaded Value="True"/>
      </Unit74>
      <Unit75>
        <Filename Value="P:\programming\lazarus\fpc\2.2.0\source\rtl\inc\except.inc"/>
        <CursorPos X="56" Y="189"/>
        <TopLine Value="177"/>
        <EditorIndex Value="23"/>
        <UsageCount Value="21"/>
        <Loaded Value="True"/>
      </Unit75>
      <Unit76>
        <Filename Value="P:\programming\lazarus\fpc\2.2.0\source\rtl\i386\setjump.inc"/>
        <CursorPos X="1" Y="36"/>
        <TopLine Value="21"/>
        <EditorIndex Value="25"/>
        <UsageCount Value="21"/>
        <Loaded Value="True"/>
      </Unit76>
      <Unit77>
        <Filename Value="D:\programming\lazarus\fpc\2.2.0\source\rtl\inc\systemh.inc"/>
        <CursorPos X="3" Y="233"/>
        <TopLine Value="218"/>
        <UsageCount Value="9"/>
      </Unit77>
      <Unit78>
        <Filename Value="P:\programming\lazarus\fpc\2.2.0\source\rtl\objpas\math.pp"/>
        <UnitName Value="math"/>
        <CursorPos X="5" Y="530"/>
        <TopLine Value="518"/>
        <EditorIndex Value="16"/>
        <UsageCount Value="21"/>
        <Loaded Value="True"/>
      </Unit78>
      <Unit79>
        <Filename Value="P:\programming\lazarus\fpc\2.2.0\source\rtl\inc\system.inc"/>
        <CursorPos X="1" Y="794"/>
        <TopLine Value="784"/>
        <EditorIndex Value="17"/>
        <UsageCount Value="21"/>
        <Loaded Value="True"/>
      </Unit79>
      <Unit80>
        <Filename Value="D:\programming\lazarus\fpc\2.2.0\source\rtl\objpas\sysutils\sysutilh.inc"/>
        <CursorPos X="26" Y="69"/>
        <TopLine Value="54"/>
        <UsageCount Value="9"/>
      </Unit80>
      <Unit81>
        <Filename Value="D:\programming\lazarus\fpc\2.2.0\source\rtl\objpas\sysutils\sysutils.inc"/>
        <CursorPos X="10" Y="112"/>
        <TopLine Value="101"/>
        <EditorIndex Value="10"/>
        <UsageCount Value="18"/>
        <Loaded Value="True"/>
      </Unit81>
      <Unit82>
        <Filename Value="D:\programming\lazarus\fpc\2.2.0\source\rtl\objpas\sysutils\sysuintf.inc"/>
        <CursorPos X="1" Y="16"/>
        <TopLine Value="16"/>
        <EditorIndex Value="11"/>
        <UsageCount Value="18"/>
        <Loaded Value="True"/>
      </Unit82>
      <Unit83>
        <Filename Value="D:\programming\lazarus\lcl\controls.pp"/>
        <UnitName Value="Controls"/>
        <CursorPos X="14" Y="993"/>
        <TopLine Value="978"/>
        <UsageCount Value="9"/>
      </Unit83>
      <Unit84>
        <Filename Value="D:\programming\lazarus\lcl\stdctrls.pp"/>
        <UnitName Value="StdCtrls"/>
        <CursorPos X="14" Y="1425"/>
        <TopLine Value="1410"/>
        <UsageCount Value="9"/>
      </Unit84>
      <Unit85>
        <Filename Value="P:\programming\lazarus\fpc\2.2.0\source\rtl\i386\i386.inc"/>
        <CursorPos X="1" Y="1250"/>
        <TopLine Value="1240"/>
        <EditorIndex Value="8"/>
        <UsageCount Value="14"/>
        <Loaded Value="True"/>
      </Unit85>
      <Unit86>
        <Filename Value="D:\programming\lazarus\fpc\2.2.0\source\rtl\objpas\sysutils\datih.inc"/>
        <CursorPos X="10" Y="117"/>
        <TopLine Value="105"/>
        <EditorIndex Value="20"/>
        <UsageCount Value="10"/>
        <Loaded Value="True"/>
      </Unit86>
    </Units>
    <JumpHistory Count="1" HistoryIndex="-1">
      <Position1>
        <Filename Value="P:\programming\lazarus\fpc\2.2.0\source\rtl\objpas\math.pp"/>
        <Caret Line="530" Column="5" TopLine="518"/>
      </Position1>
    </JumpHistory>
  </ProjectOptions>
  <CompilerOptions>
    <Version Value="5"/>
    <PathDelim Value="\"/>
    <Target>
      <Filename Value="VideLibri.exe"/>
    </Target>
    <SearchPaths>
      <IncludeFiles Value="U:\components\pascal\data\"/>
      <OtherUnitFiles Value="D:\programming\lazarus\fpc\2.0.4\source\;U:\components\pascal\import\regexpr\source\;E:\components\pascal\html\;E:\components\pascal\system\;E:\components\pascal\data\;E:\components\lazarus\internet\sendBackError\;E:\components\pascal\internet\;P:\programming\lazarus\fpc\2.0.4\source\packages\extra\unzip\;U:\components\lazarus\dialogs\;U:\components\pascal\data\;U:\components\pascal\system\"/>
      <SrcPath Value="U:\components\pascal\data\;P:\programming\lazarus\fpc\2.2.0\source\rtl\i386\;P:\programming\lazarus\fpc\2.2.0\source\rtl\inc\;$(LazarusDir)\lcl\;U:\components\pascal\INTERNET\;U:\components\lazarus\internet\;$(LazarusDir)\lcl\interfaces\$(LCLWidgetType)\;P:\programming\lazarus\lcl\;P:\programming\lazarus\lcl\include\;P:\programming\lazarus\fpc\2.2.0\source\rtl\objpas\"/>
    </SearchPaths>
    <Parsing>
      <SyntaxOptions>
        <IncludeAssertionCode Value="True"/>
      </SyntaxOptions>
    </Parsing>
    <CodeGeneration>
      <Generate Value="Faster"/>
    </CodeGeneration>
    <Linking>
      <Options>
        <Win32>
          <GraphicApplication Value="True"/>
        </Win32>
      </Options>
    </Linking>
    <Other>
      <CustomOptions Value="
"/>
      <CompilerPath Value="$(CompPath)"/>
    </Other>
  </CompilerOptions>
  <Debugging>
    <BreakPoints Count="6">
      <Item1>
        <Source Value="libraryparser.pas"/>
        <Line Value="2285"/>
      </Item1>
      <Item2>
        <Source Value="..\..\..\..\components\pascal\internet\internetaccess.pas"/>
        <Line Value="111"/>
      </Item2>
      <Item3>
        <Source Value="E:\components\pascal\internet\internetaccess.pas"/>
        <Line Value="131"/>
      </Item3>
      <Item4>
        <Source Value="E:\components\pascal\internet\internetaccess.pas"/>
        <Line Value="124"/>
      </Item4>
      <Item5>
        <Source Value="E:\components\pascal\internet\internetaccess.pas"/>
        <Line Value="117"/>
      </Item5>
      <Item6>
        <Source Value="..\..\..\..\components\pascal\internet\autoupdate.pas"/>
        <Line Value="256"/>
      </Item6>
    </BreakPoints>
    <Watches Count="3">
      <Item1>
        <Expression Value="values[1]"/>
      </Item1>
      <Item2>
        <Expression Value="values[2]"/>
      </Item2>
      <Item3>
        <Expression Value="values[3]"/>
      </Item3>
    </Watches>
    <Exceptions Count="2">
      <Item1>
        <Name Value="EAbortException"/>
      </Item1>
      <Item2>
        <Name Value="EAbort"/>
      </Item2>
    </Exceptions>
  </Debugging>
</CONFIG>
