<?xml version="1.0"?>
<CONFIG>
  <ProjectOptions>
    <Version Value="9"/>
    <PathDelim Value="\"/>
    <General>
      <Flags>
        <AlwaysBuild Value="False"/>
        <LRSInOutputDirectory Value="False"/>
      </Flags>
      <SessionStorage Value="InProjectDir"/>
      <MainUnit Value="0"/>
      <AutoCreateForms Value="False"/>
      <Title Value="VideLibri"/>
      <UseXPManifest Value="True"/>
      <Icon Value="0"/>
    </General>
    <VersionInfo>
      <Language Value="0403"/>
      <CharSet Value="04E2"/>
    </VersionInfo>
    <PublishOptions>
      <Version Value="2"/>
      <IgnoreBinaries Value="False"/>
      <IncludeFileFilter Value="*.(pas|pp|inc|lfm|lpr|lrs|lpi|lpk|sh|xml)"/>
      <ExcludeFileFilter Value="*.(bak|ppu|ppw|o|so);*~;backup"/>
    </PublishOptions>
    <RunParams>
      <local>
        <FormatVersion Value="1"/>
        <LaunchingApplication PathPlusParams="\usr\X11R6\bin\xterm -T 'Lazarus Run Output' -e $(LazarusDir)\tools\runwait.sh $(TargetCmdLine)"/>
      </local>
    </RunParams>
    <RequiredPackages Count="1">
      <Item1>
        <PackageName Value="LCL"/>
      </Item1>
    </RequiredPackages>
    <Units Count="30">
      <Unit0>
        <Filename Value="bookWatch.lpr"/>
        <IsPartOfProject Value="True"/>
        <UnitName Value="bookWatch"/>
      </Unit0>
      <Unit1>
        <Filename Value="bookwatchmain.pas"/>
        <IsPartOfProject Value="True"/>
        <ComponentName Value="mainForm"/>
        <ResourceBaseClass Value="Form"/>
        <UnitName Value="bookWatchMain"/>
      </Unit1>
      <Unit2>
        <Filename Value="libraryparser.pas"/>
        <IsPartOfProject Value="True"/>
        <UnitName Value="libraryParser"/>
      </Unit2>
      <Unit3>
        <Filename Value="options.pas"/>
        <IsPartOfProject Value="True"/>
        <ComponentName Value="optionForm"/>
        <ResourceBaseClass Value="Form"/>
        <UnitName Value="options"/>
      </Unit3>
      <Unit4>
        <Filename Value="newaccountwizard_u.pas"/>
        <IsPartOfProject Value="True"/>
        <ComponentName Value="newAccountWizard"/>
        <ResourceBaseClass Value="Form"/>
        <UnitName Value="newAccountWizard_u"/>
      </Unit4>
      <Unit5>
        <Filename Value="errordialog.pas"/>
        <IsPartOfProject Value="True"/>
        <ComponentName Value="showErrorForm"/>
        <ResourceBaseClass Value="Form"/>
        <UnitName Value="errorDialog"/>
      </Unit5>
      <Unit6>
        <Filename Value="applicationconfig.pas"/>
        <IsPartOfProject Value="True"/>
        <UnitName Value="applicationconfig"/>
      </Unit6>
      <Unit7>
        <Filename Value="statistik_u.pas"/>
        <IsPartOfProject Value="True"/>
        <ComponentName Value="statistikForm"/>
        <ResourceBaseClass Value="Form"/>
        <UnitName Value="statistik_u"/>
      </Unit7>
      <Unit8>
        <Filename Value="..\..\..\components\pascal\data\diagram.pas"/>
        <IsPartOfProject Value="True"/>
        <UnitName Value="diagram"/>
      </Unit8>
      <Unit9>
        <Filename Value="tnaaccess.pas"/>
        <IsPartOfProject Value="True"/>
        <UnitName Value="tnaAccess"/>
      </Unit9>
      <Unit10>
        <Filename Value="libraryaccess.pas"/>
        <IsPartOfProject Value="True"/>
        <UnitName Value="libraryAccess"/>
      </Unit10>
      <Unit11>
        <Filename Value="..\..\..\components\lazarus\internet\sendBackError\sendBackError.pas"/>
        <IsPartOfProject Value="True"/>
        <ComponentName Value="sendBackErrorForm"/>
        <ResourceBaseClass Value="Form"/>
        <UnitName Value="sendBackError"/>
      </Unit11>
      <Unit12>
        <Filename Value="..\..\..\components\pascal\internet\internetaccess.pas"/>
        <IsPartOfProject Value="True"/>
        <UnitName Value="internetaccess"/>
      </Unit12>
      <Unit13>
        <Filename Value="..\..\..\components\pascal\internet\autoupdate.pas"/>
        <IsPartOfProject Value="True"/>
        <UnitName Value="autoupdate"/>
      </Unit13>
      <Unit14>
        <Filename Value="..\..\..\components\lazarus\dialogs\progressdialog.pas"/>
        <IsPartOfProject Value="True"/>
        <ComponentName Value="ProgressBarDialog"/>
        <ResourceBaseClass Value="Form"/>
        <UnitName Value="progressdialog"/>
      </Unit14>
      <Unit15>
        <Filename Value="..\..\..\components\pascal\data\obfuscate.inc"/>
        <IsPartOfProject Value="True"/>
      </Unit15>
      <Unit16>
        <Filename Value="registrierung.pas"/>
        <IsPartOfProject Value="True"/>
        <ComponentName Value="RegForm"/>
        <ResourceBaseClass Value="Form"/>
        <UnitName Value="registrierung"/>
      </Unit16>
      <Unit17>
        <Filename Value="nagform.pas"/>
        <IsPartOfProject Value="True"/>
        <ComponentName Value="nagWindow"/>
        <ResourceBaseClass Value="Form"/>
        <UnitName Value="nagform"/>
      </Unit17>
      <Unit18>
        <Filename Value="..\..\..\components\pascal\system\bbdebugtools.pas"/>
        <IsPartOfProject Value="True"/>
        <UnitName Value="bbdebugtools"/>
      </Unit18>
      <Unit19>
        <Filename Value="..\..\..\components\pascal\data\bbutils.pas"/>
        <IsPartOfProject Value="True"/>
        <UnitName Value="bbutils"/>
      </Unit19>
      <Unit20>
        <Filename Value="bibtexexport.pas"/>
        <IsPartOfProject Value="True"/>
        <ComponentName Value="BibTexExportFrm"/>
        <HasResources Value="True"/>
        <ResourceBaseClass Value="Form"/>
        <UnitName Value="bibtexexport"/>
      </Unit20>
      <Unit21>
        <Filename Value="..\..\..\components\pascal\html\simplexmlparser.pas"/>
        <IsPartOfProject Value="True"/>
        <UnitName Value="simplexmlparser"/>
      </Unit21>
      <Unit22>
        <Filename Value="booklistreader.pas"/>
        <IsPartOfProject Value="True"/>
        <UnitName Value="booklistreader"/>
      </Unit22>
      <Unit23>
        <Filename Value="librarysearcher.pas"/>
        <IsPartOfProject Value="True"/>
        <UnitName Value="librarySearcher"/>
      </Unit23>
      <Unit24>
        <Filename Value="bookListView.pas"/>
        <IsPartOfProject Value="True"/>
        <UnitName Value="bookListView"/>
      </Unit24>
      <Unit25>
        <Filename Value="bookSearchForm.pas"/>
        <IsPartOfProject Value="True"/>
        <ComponentName Value="bookSearchFrm"/>
        <ResourceBaseClass Value="Form"/>
        <UnitName Value="bookSearchForm"/>
      </Unit25>
      <Unit26>
        <Filename Value="..\..\..\components\pascal\data\extendedhtmlparser.pas"/>
        <IsPartOfProject Value="True"/>
        <UnitName Value="extendedhtmlparser"/>
      </Unit26>
      <Unit27>
        <Filename Value="librarysearcheraccess.pas"/>
        <IsPartOfProject Value="True"/>
        <UnitName Value="librarySearcherAccess"/>
      </Unit27>
      <Unit28>
        <Filename Value="..\..\..\components\pascal\data\automenumanager.pas"/>
        <IsPartOfProject Value="True"/>
        <UnitName Value="autoMenuManager"/>
      </Unit28>
      <Unit29>
        <Filename Value="messagesystem.pas"/>
        <IsPartOfProject Value="True"/>
        <UnitName Value="messagesystem"/>
      </Unit29>
    </Units>
  </ProjectOptions>
  <CompilerOptions>
    <Version Value="9"/>
    <PathDelim Value="\"/>
    <Target>
      <Filename Value="videlibri"/>
    </Target>
    <SearchPaths>
      <IncludeFiles Value="..\..\..\components\pascal\data;..\..\..\components\pascal\import\synapse"/>
      <OtherUnitFiles Value="..\..\..\components\pascal\import\regexpr\Source;..\..\..\components\pascal\import\synapse;..\..\..\components\lazarus\dialogs;U:\components\pascal\data;U:\components\pascal\import\regexpr\source;U:\components\pascal\internet;U:\components\pascal\system;U:\components\lazarus\dialogs;..\..\..\components\lazarus\internet\sendBackError;..\..\..\components\pascal\internet"/>
      <SrcPath Value="..\..\..\components\pascal\import\synapse;..\..\..\components\pascal\data;..\..\..\components\pascal\system;$(LazarusDir)\lcl;..\..\..\components\pascal\internet;..\..\..\components\lazarus\internet;$(LazarusDir)\lcl\interfaces\$(LCLWidgetType)"/>
      <LCLWidgetType Value="win32"/>
    </SearchPaths>
    <Parsing>
      <SyntaxOptions>
        <IncludeAssertionCode Value="True"/>
        <UseAnsiStrings Value="False"/>
      </SyntaxOptions>
    </Parsing>
    <CodeGeneration>
      <SmartLinkUnit Value="True"/>
      <SmallerCode Value="True"/>
      <TargetCPU Value="i386"/>
      <TargetOS Value="win32"/>
      <Optimizations>
        <OptimizationLevel Value="3"/>
      </Optimizations>
    </CodeGeneration>
    <Linking>
      <Debugging>
        <UseLineInfoUnit Value="False"/>
      </Debugging>
      <LinkSmart Value="True"/>
      <Options>
        <Win32>
          <GraphicApplication Value="True"/>
        </Win32>
      </Options>
    </Linking>
    <Other>
      <CompilerMessages>
        <UseMsgFile Value="True"/>
      </CompilerMessages>
      <CompilerPath Value="$(CompPath)"/>
    </Other>
  </CompilerOptions>
</CONFIG>
