<?xml version="1.0"?>
<CONFIG>
  <ProjectOptions>
    <PathDelim Value="\"/>
    <Version Value="6"/>
    <General>
      <Flags>
        <AlwaysBuild Value="False"/>
      </Flags>
      <SessionStorage Value="InProjectDir"/>
      <MainUnit Value="0"/>
      <AutoCreateForms Value="False"/>
      <IconPath Value="./"/>
      <TargetFileExt Value=".exe"/>
      <Title Value="VideLibri"/>
      <UseXPManifest Value="True"/>
    </General>
    <PublishOptions>
      <Version Value="2"/>
      <IgnoreBinaries Value="False"/>
      <IncludeFileFilter Value="*.(pas|pp|inc|lfm|lpr|lrs|lpi|lpk|sh|xml)"/>
      <ExcludeFileFilter Value="*.(bak|ppu|ppw|o|so);*~;backup"/>
    </PublishOptions>
    <RunParams>
      <local>
        <FormatVersion Value="1"/>
        <CommandLineParams Value="/log"/>
        <LaunchingApplication PathPlusParams="/usr/X11R6/bin/xterm -T 'Lazarus Run Output' -e $(LazarusDir)/tools/runwait.sh $(TargetCmdLine)"/>
      </local>
    </RunParams>
    <RequiredPackages Count="1">
      <Item1>
        <PackageName Value="LCL"/>
      </Item1>
    </RequiredPackages>
    <Units Count="33">
      <Unit0>
        <Filename Value="bookWatch.lpr"/>
        <IsPartOfProject Value="True"/>
        <UnitName Value="bookWatch"/>
      </Unit0>
      <Unit1>
        <Filename Value="bookwatchmain.pas"/>
        <ComponentName Value="mainForm"/>
        <IsPartOfProject Value="True"/>
        <ResourceBaseClass Value="Form"/>
        <ResourceFilename Value="bookwatchmain.lrs"/>
        <UnitName Value="bookWatchMain"/>
      </Unit1>
      <Unit2>
        <Filename Value="libraryparser.pas"/>
        <IsPartOfProject Value="True"/>
        <UnitName Value="libraryParser"/>
      </Unit2>
      <Unit3>
        <Filename Value="..\..\..\components\pascal\internet\w32internetaccess.pas"/>
        <IsPartOfProject Value="True"/>
        <UnitName Value="w32InternetAccess"/>
      </Unit3>
      <Unit4>
        <Filename Value="wininet.pas"/>
        <IsPartOfProject Value="True"/>
        <UnitName Value="wininet"/>
      </Unit4>
      <Unit5>
        <Filename Value="options.pas"/>
        <ComponentName Value="optionForm"/>
        <IsPartOfProject Value="True"/>
        <ResourceBaseClass Value="Form"/>
        <ResourceFilename Value="options.lrs"/>
        <UnitName Value="options"/>
      </Unit5>
      <Unit6>
        <Filename Value="newaccountwizard_u.pas"/>
        <ComponentName Value="newAccountWizard"/>
        <IsPartOfProject Value="True"/>
        <ResourceBaseClass Value="Form"/>
        <ResourceFilename Value="newaccountwizard_u.lrs"/>
        <UnitName Value="newAccountWizard_u"/>
      </Unit6>
      <Unit7>
        <Filename Value="errordialog.pas"/>
        <ComponentName Value="showErrorForm"/>
        <IsPartOfProject Value="True"/>
        <ResourceBaseClass Value="Form"/>
        <ResourceFilename Value="errordialog.lrs"/>
        <UnitName Value="errorDialog"/>
      </Unit7>
      <Unit8>
        <Filename Value="applicationconfig.pas"/>
        <IsPartOfProject Value="True"/>
        <UnitName Value="applicationconfig"/>
      </Unit8>
      <Unit9>
        <Filename Value="statistik_u.pas"/>
        <ComponentName Value="statistikForm"/>
        <IsPartOfProject Value="True"/>
        <ResourceBaseClass Value="Form"/>
        <ResourceFilename Value="statistik_u.lrs"/>
        <UnitName Value="statistik_u"/>
      </Unit9>
      <Unit10>
        <Filename Value="..\..\..\components\pascal\data\diagram.pas"/>
        <IsPartOfProject Value="True"/>
        <UnitName Value="diagram"/>
      </Unit10>
      <Unit11>
        <Filename Value="tnaaccess.pas"/>
        <IsPartOfProject Value="True"/>
        <UnitName Value="tnaAccess"/>
      </Unit11>
      <Unit12>
        <Filename Value="libraryaccess.pas"/>
        <IsPartOfProject Value="True"/>
        <UnitName Value="libraryAccess"/>
      </Unit12>
      <Unit13>
        <Filename Value="..\..\..\components\lazarus\internet\sendBackError\sendBackError.pas"/>
        <ComponentName Value="sendBackErrorForm"/>
        <IsPartOfProject Value="True"/>
        <ResourceBaseClass Value="Form"/>
        <ResourceFilename Value="..\..\..\components\lazarus\internet\sendBackError\sendBackError.lrs"/>
        <UnitName Value="sendBackError"/>
      </Unit13>
      <Unit14>
        <Filename Value="..\..\..\components\pascal\internet\internetaccess.pas"/>
        <IsPartOfProject Value="True"/>
        <UnitName Value="internetAccess"/>
      </Unit14>
      <Unit15>
        <Filename Value="..\..\..\components\pascal\internet\autoupdate.pas"/>
        <IsPartOfProject Value="True"/>
        <UnitName Value="autoupdate"/>
      </Unit15>
      <Unit16>
        <Filename Value="..\..\..\components\lazarus\dialogs\progressdialog.pas"/>
        <ComponentName Value="ProgressBarDialog"/>
        <IsPartOfProject Value="True"/>
        <ResourceBaseClass Value="Form"/>
        <ResourceFilename Value="..\..\..\components\lazarus\dialogs\progressdialog.lrs"/>
        <UnitName Value="progressDialog"/>
      </Unit16>
      <Unit17>
        <Filename Value="..\..\..\components\pascal\data\obfuscate.inc"/>
        <IsPartOfProject Value="True"/>
      </Unit17>
      <Unit18>
        <Filename Value="registrierung.pas"/>
        <ComponentName Value="RegForm"/>
        <IsPartOfProject Value="True"/>
        <ResourceBaseClass Value="Form"/>
        <ResourceFilename Value="registrierung.lrs"/>
        <UnitName Value="registrierung"/>
      </Unit18>
      <Unit19>
        <Filename Value="nagform.pas"/>
        <ComponentName Value="nagWindow"/>
        <IsPartOfProject Value="True"/>
        <ResourceBaseClass Value="Form"/>
        <ResourceFilename Value="nagform.lrs"/>
        <UnitName Value="nagform"/>
      </Unit19>
      <Unit20>
        <Filename Value="..\..\..\components\pascal\system\bbdebugtools.pas"/>
        <IsPartOfProject Value="True"/>
        <UnitName Value="bbdebugtools"/>
      </Unit20>
      <Unit21>
        <Filename Value="..\..\..\components\pascal\data\bbutils.pas"/>
        <IsPartOfProject Value="True"/>
        <UnitName Value="bbutils"/>
      </Unit21>
      <Unit22>
        <Filename Value="bibtexexport.pas"/>
        <ComponentName Value="BibTexExportFrm"/>
        <HasResources Value="True"/>
        <IsPartOfProject Value="True"/>
        <ResourceBaseClass Value="Form"/>
        <ResourceFilename Value="bibtexexport.lrs"/>
        <UnitName Value="bibtexexport"/>
      </Unit22>
      <Unit23>
        <Filename Value="..\..\..\components\pascal\html\simplexmlparser.pas"/>
        <IsPartOfProject Value="True"/>
        <UnitName Value="simplexmlparser"/>
      </Unit23>
      <Unit24>
        <Filename Value="booklistreader.pas"/>
        <IsPartOfProject Value="True"/>
        <UnitName Value="booklistreader"/>
      </Unit24>
      <Unit25>
        <Filename Value="librarysearcher.pas"/>
        <IsPartOfProject Value="True"/>
        <UnitName Value="librarySearcher"/>
      </Unit25>
      <Unit26>
        <Filename Value="bookListView.pas"/>
        <IsPartOfProject Value="True"/>
        <UnitName Value="bookListView"/>
      </Unit26>
      <Unit27>
        <Filename Value="bookSearchForm.pas"/>
        <ComponentName Value="bookSearchFrm"/>
        <IsPartOfProject Value="True"/>
        <ResourceBaseClass Value="Form"/>
        <ResourceFilename Value="bookSearchForm.lrs"/>
        <UnitName Value="bookSearchForm"/>
      </Unit27>
      <Unit28>
        <Filename Value="..\..\..\components\pascal\data\TreeListView.pas"/>
        <IsPartOfProject Value="True"/>
        <UnitName Value="TreeListView"/>
      </Unit28>
      <Unit29>
        <Filename Value="..\..\..\components\pascal\data\extendedhtmlparser.pas"/>
        <IsPartOfProject Value="True"/>
        <UnitName Value="extendedhtmlparser"/>
      </Unit29>
      <Unit30>
        <Filename Value="librarysearcheraccess.pas"/>
        <IsPartOfProject Value="True"/>
        <UnitName Value="librarySearcherAccess"/>
      </Unit30>
      <Unit31>
        <Filename Value="..\..\..\components\pascal\data\findControl.pas"/>
        <IsPartOfProject Value="True"/>
        <UnitName Value="findControl"/>
      </Unit31>
      <Unit32>
        <Filename Value="..\..\..\components\pascal\data\automenumanager.pas"/>
        <IsPartOfProject Value="True"/>
        <UnitName Value="autoMenuManager"/>
      </Unit32>
    </Units>
  </ProjectOptions>
  <CompilerOptions>
    <Version Value="8"/>
    <PathDelim Value="\"/>
    <Target>
      <Filename Value="VideLibri.exe"/>
    </Target>
    <SearchPaths>
      <IncludeFiles Value="U:\components\pascal\data\"/>
      <OtherUnitFiles Value="U:\components\pascal\data\;U:\components\pascal\import\regexpr\source\;U:\components\pascal\internet\;U:\components\pascal\system\;U:\components\lazarus\dialogs\;U:\components\lazarus\internet\sendBackError\"/>
      <SrcPath Value="U:\components\pascal\data\;$(LazarusDir)\lcl\;U:\components\pascal\INTERNET\;U:\components\lazarus\internet\;$(LazarusDir)\lcl\interfaces\$(LCLWidgetType)\;P:\programming\lazarus\lcl\;P:\programming\lazarus\lcl\include\"/>
    </SearchPaths>
    <Parsing>
      <SyntaxOptions>
        <IncludeAssertionCode Value="True"/>
      </SyntaxOptions>
    </Parsing>
    <Linking>
      <Options>
        <Win32>
          <GraphicApplication Value="True"/>
        </Win32>
      </Options>
    </Linking>
    <Other>
      <CompilerPath Value="$(CompPath)"/>
    </Other>
  </CompilerOptions>
</CONFIG>
